
Microsoft Visual Studio Solution File, Format Version 12.00
# Visual Studio Version 17
VisualStudioVersion = 17.11.35327.3
MinimumVisualStudioVersion = 10.0.40219.1
Project("{FAE04EC0-301F-11D3-BF4B-00C04F79EFBC}") = "CadastroDeAlunos", "CadastroDeAlunos.csproj", "{09687251-221A-4130-A6DD-D8AA6BF003B9}"
EndProject
Global
	GlobalSection(SolutionConfigurationPlatforms) = preSolution
		Debug|Any CPU = Debug|Any CPU
		Release|Any CPU = Release|Any CPU
	EndGlobalSection
	GlobalSection(ProjectConfigurationPlatforms) = postSolution
		{09687251-221A-4130-A6DD-D8AA6BF003B9}.Debug|Any CPU.ActiveCfg = Debug|Any CPU
		{09687251-221A-4130-A6DD-D8AA6BF003B9}.Debug|Any CPU.Build.0 = Debug|Any CPU
		{09687251-221A-4130-A6DD-D8AA6BF003B9}.Release|Any CPU.ActiveCfg = Release|Any CPU
		{09687251-221A-4130-A6DD-D8AA6BF003B9}.Release|Any CPU.Build.0 = Release|Any CPU
	EndGlobalSection
	GlobalSection(SolutionProperties) = preSolution
		HideSolutionNode = FALSE
	EndGlobalSection
	GlobalSection(ExtensibilityGlobals) = postSolution
		SolutionGuid = {BB08A705-593B-42C0-9447-A04DEE7E238E}
	EndGlobalSection
EndGlobal
